
Microsoft Visual Studio Solution File, Format Version 12.00
# Visual Studio Version 17
VisualStudioVersion = 17.8.34316.72
MinimumVisualStudioVersion = 10.0.40219.1
Project("{888888A0-9F3D-457C-B088-3A5042F75D52}") = "WebProject1", "WebProject1.pyproj", "{3FA6C637-FC3B-4C9E-81DC-343B35BE3455}"
EndProject
Global
	GlobalSection(SolutionConfigurationPlatforms) = preSolution
		Debug|Any CPU = Debug|Any CPU
		Release|Any CPU = Release|Any CPU
	EndGlobalSection
	GlobalSection(ProjectConfigurationPlatforms) = postSolution
		{3FA6C637-FC3B-4C9E-81DC-343B35BE3455}.Debug|Any CPU.ActiveCfg = Debug|Any CPU
		{3FA6C637-FC3B-4C9E-81DC-343B35BE3455}.Debug|Any CPU.Build.0 = Debug|Any CPU
		{3FA6C637-FC3B-4C9E-81DC-343B35BE3455}.Release|Any CPU.ActiveCfg = Release|Any CPU
		{3FA6C637-FC3B-4C9E-81DC-343B35BE3455}.Release|Any CPU.Build.0 = Release|Any CPU
	EndGlobalSection
	GlobalSection(SolutionProperties) = preSolution
		HideSolutionNode = FALSE
	EndGlobalSection
	GlobalSection(ExtensibilityGlobals) = postSolution
		SolutionGuid = {E9391B51-E15D-41E7-8D9D-8E0AB44899BC}
	EndGlobalSection
EndGlobal
